
Microsoft Visual Studio Solution File, Format Version 12.00
# Visual Studio Version 17
VisualStudioVersion = 17.7.34202.233
MinimumVisualStudioVersion = 10.0.40219.1
Project("{FAE04EC0-301F-11D3-BF4B-00C04F79EFBC}") = "HaloMCCMaps", "HaloMCCMaps\HaloMCCMaps.csproj", "{6E6E2CF7-DDE4-46DC-8925-398E537E851B}"
EndProject
Global
	GlobalSection(SolutionConfigurationPlatforms) = preSolution
		Debug|Any CPU = Debug|Any CPU
		Release|Any CPU = Release|Any CPU
	EndGlobalSection
	GlobalSection(ProjectConfigurationPlatforms) = postSolution
		{6E6E2CF7-DDE4-46DC-8925-398E537E851B}.Debug|Any CPU.ActiveCfg = Debug|Any CPU
		{6E6E2CF7-DDE4-46DC-8925-398E537E851B}.Debug|Any CPU.Build.0 = Debug|Any CPU
		{6E6E2CF7-DDE4-46DC-8925-398E537E851B}.Release|Any CPU.ActiveCfg = Release|Any CPU
		{6E6E2CF7-DDE4-46DC-8925-398E537E851B}.Release|Any CPU.Build.0 = Release|Any CPU
	EndGlobalSection
	GlobalSection(SolutionProperties) = preSolution
		HideSolutionNode = FALSE
	EndGlobalSection
	GlobalSection(ExtensibilityGlobals) = postSolution
		SolutionGuid = {CF45CBF1-97FA-4B1B-8107-FF81D799C3DE}
	EndGlobalSection
EndGlobal
